
Microsoft Visual Studio Solution File, Format Version 12.00
# Visual Studio Version 17
VisualStudioVersion = 17.1.32210.238
MinimumVisualStudioVersion = 10.0.40219.1
Project("{8BC9CEB8-8B4A-11D0-8D11-00A0C91BC942}") = "Demo", "Demo\Demo.vcxproj", "{81AAFA8A-CCD1-4771-9F12-E57A1F7C4DA9}"
EndProject
Project("{8BC9CEB8-8B4A-11D0-8D11-00A0C91BC942}") = "CountSameValuesinArray", "CountSameValuesinArray\CountSameValuesinArray.vcxproj", "{62B58CC7-517C-450E-8D77-9C9A5A6D4E4A}"
EndProject
Project("{8BC9CEB8-8B4A-11D0-8D11-00A0C91BC942}") = "AverageStudentGrades", "AverageStudentGrades\AverageStudentGrades.vcxproj", "{A52BE9B0-F8E3-4C87-B4B4-0C76218893E9}"
EndProject
Project("{8BC9CEB8-8B4A-11D0-8D11-00A0C91BC942}") = "Cities by Continent and Country", "Cities by Continent and Country\Cities by Continent and Country.vcxproj", "{7997B762-C258-4FBD-BCE2-303C90C61F57}"
EndProject
Project("{8BC9CEB8-8B4A-11D0-8D11-00A0C91BC942}") = "RecordUniqueNames", "RecordUniqueNames\RecordUniqueNames.vcxproj", "{75AE9A84-2246-4868-8620-06DBC39486BB}"
EndProject
Project("{8BC9CEB8-8B4A-11D0-8D11-00A0C91BC942}") = "ParkingLot", "ParkingLot\ParkingLot.vcxproj", "{B500F347-6D3C-411D-856F-3AC4F8EFAE26}"
EndProject
Project("{8BC9CEB8-8B4A-11D0-8D11-00A0C91BC942}") = "ParkingLotVr2", "ParkingLotVr2\ParkingLotVr2.vcxproj", "{45E38130-8E14-498F-A953-C92B18E84470}"
EndProject
Project("{8BC9CEB8-8B4A-11D0-8D11-00A0C91BC942}") = "UniqueUsernames", "UniqueUsernames\UniqueUsernames.vcxproj", "{24E54FAE-05EF-4900-85E0-CA0354581713}"
EndProject
Project("{8BC9CEB8-8B4A-11D0-8D11-00A0C91BC942}") = "CountRealNumbers", "CountRealNumbers\CountRealNumbers.vcxproj", "{5A84A0FE-FC3F-4B92-8D48-549AC44B4BC1}"
EndProject
Project("{8BC9CEB8-8B4A-11D0-8D11-00A0C91BC942}") = "OddOccurrences", "OddOccurrences\OddOccurrences.vcxproj", "{BBB80370-CD5A-4734-9614-33D2D581C1E1}"
EndProject
Project("{8BC9CEB8-8B4A-11D0-8D11-00A0C91BC942}") = "Largest3", "Largest3\Largest3.vcxproj", "{58D87640-AA48-4BB1-B98D-D9093E0931FF}"
EndProject
Project("{8BC9CEB8-8B4A-11D0-8D11-00A0C91BC942}") = "Largest3withSet", "Largest3withSet\Largest3withSet.vcxproj", "{CC51E063-0D89-42DF-812D-A97959718E37}"
EndProject
Project("{8BC9CEB8-8B4A-11D0-8D11-00A0C91BC942}") = "ShortWords", "ShortWords\ShortWords.vcxproj", "{6283DD41-AF5D-427C-A78D-6F4EDC0901EF}"
EndProject
Project("{8BC9CEB8-8B4A-11D0-8D11-00A0C91BC942}") = "SortNumbers", "SortNumbers\SortNumbers.vcxproj", "{477D456A-3263-45D8-ACD5-FEACA44717DE}"
EndProject
Project("{8BC9CEB8-8B4A-11D0-8D11-00A0C91BC942}") = "Squares", "Squares\Squares.vcxproj", "{F10DA47D-FB51-4524-A003-18BD7D0FA59B}"
EndProject
Project("{8BC9CEB8-8B4A-11D0-8D11-00A0C91BC942}") = "Miners", "Miners\Miners.vcxproj", "{174F2DD6-8023-45D9-A488-C37815525C07}"
EndProject
Project("{8BC9CEB8-8B4A-11D0-8D11-00A0C91BC942}") = "SetsofElements", "SetsofElements\SetsofElements.vcxproj", "{6AA22980-D2CD-4DF3-81DA-02AECFF7C632}"
EndProject
Project("{8BC9CEB8-8B4A-11D0-8D11-00A0C91BC942}") = "PeriodicTable", "PeriodicTable\PeriodicTable.vcxproj", "{C6168759-C20D-4147-AEBA-66BB41ABF15E}"
EndProject
Project("{8BC9CEB8-8B4A-11D0-8D11-00A0C91BC942}") = "EvenTimes", "EvenTimes\EvenTimes.vcxproj", "{51E2C677-93B4-4EFF-B2BD-B47AEFC23258}"
EndProject
Global
	GlobalSection(SolutionConfigurationPlatforms) = preSolution
		Debug|x64 = Debug|x64
		Debug|x86 = Debug|x86
		Release|x64 = Release|x64
		Release|x86 = Release|x86
	EndGlobalSection
	GlobalSection(ProjectConfigurationPlatforms) = postSolution
		{81AAFA8A-CCD1-4771-9F12-E57A1F7C4DA9}.Debug|x64.ActiveCfg = Debug|x64
		{81AAFA8A-CCD1-4771-9F12-E57A1F7C4DA9}.Debug|x64.Build.0 = Debug|x64
		{81AAFA8A-CCD1-4771-9F12-E57A1F7C4DA9}.Debug|x86.ActiveCfg = Debug|Win32
		{81AAFA8A-CCD1-4771-9F12-E57A1F7C4DA9}.Debug|x86.Build.0 = Debug|Win32
		{81AAFA8A-CCD1-4771-9F12-E57A1F7C4DA9}.Release|x64.ActiveCfg = Release|x64
		{81AAFA8A-CCD1-4771-9F12-E57A1F7C4DA9}.Release|x64.Build.0 = Release|x64
		{81AAFA8A-CCD1-4771-9F12-E57A1F7C4DA9}.Release|x86.ActiveCfg = Release|Win32
		{81AAFA8A-CCD1-4771-9F12-E57A1F7C4DA9}.Release|x86.Build.0 = Release|Win32
		{62B58CC7-517C-450E-8D77-9C9A5A6D4E4A}.Debug|x64.ActiveCfg = Debug|x64
		{62B58CC7-517C-450E-8D77-9C9A5A6D4E4A}.Debug|x64.Build.0 = Debug|x64
		{62B58CC7-517C-450E-8D77-9C9A5A6D4E4A}.Debug|x86.ActiveCfg = Debug|Win32
		{62B58CC7-517C-450E-8D77-9C9A5A6D4E4A}.Debug|x86.Build.0 = Debug|Win32
		{62B58CC7-517C-450E-8D77-9C9A5A6D4E4A}.Release|x64.ActiveCfg = Release|x64
		{62B58CC7-517C-450E-8D77-9C9A5A6D4E4A}.Release|x64.Build.0 = Release|x64
		{62B58CC7-517C-450E-8D77-9C9A5A6D4E4A}.Release|x86.ActiveCfg = Release|Win32
		{62B58CC7-517C-450E-8D77-9C9A5A6D4E4A}.Release|x86.Build.0 = Release|Win32
		{A52BE9B0-F8E3-4C87-B4B4-0C76218893E9}.Debug|x64.ActiveCfg = Debug|x64
		{A52BE9B0-F8E3-4C87-B4B4-0C76218893E9}.Debug|x64.Build.0 = Debug|x64
		{A52BE9B0-F8E3-4C87-B4B4-0C76218893E9}.Debug|x86.ActiveCfg = Debug|Win32
		{A52BE9B0-F8E3-4C87-B4B4-0C76218893E9}.Debug|x86.Build.0 = Debug|Win32
		{A52BE9B0-F8E3-4C87-B4B4-0C76218893E9}.Release|x64.ActiveCfg = Release|x64
		{A52BE9B0-F8E3-4C87-B4B4-0C76218893E9}.Release|x64.Build.0 = Release|x64
		{A52BE9B0-F8E3-4C87-B4B4-0C76218893E9}.Release|x86.ActiveCfg = Release|Win32
		{A52BE9B0-F8E3-4C87-B4B4-0C76218893E9}.Release|x86.Build.0 = Release|Win32
		{7997B762-C258-4FBD-BCE2-303C90C61F57}.Debug|x64.ActiveCfg = Debug|x64
		{7997B762-C258-4FBD-BCE2-303C90C61F57}.Debug|x64.Build.0 = Debug|x64
		{7997B762-C258-4FBD-BCE2-303C90C61F57}.Debug|x86.ActiveCfg = Debug|Win32
		{7997B762-C258-4FBD-BCE2-303C90C61F57}.Debug|x86.Build.0 = Debug|Win32
		{7997B762-C258-4FBD-BCE2-303C90C61F57}.Release|x64.ActiveCfg = Release|x64
		{7997B762-C258-4FBD-BCE2-303C90C61F57}.Release|x64.Build.0 = Release|x64
		{7997B762-C258-4FBD-BCE2-303C90C61F57}.Release|x86.ActiveCfg = Release|Win32
		{7997B762-C258-4FBD-BCE2-303C90C61F57}.Release|x86.Build.0 = Release|Win32
		{75AE9A84-2246-4868-8620-06DBC39486BB}.Debug|x64.ActiveCfg = Debug|x64
		{75AE9A84-2246-4868-8620-06DBC39486BB}.Debug|x64.Build.0 = Debug|x64
		{75AE9A84-2246-4868-8620-06DBC39486BB}.Debug|x86.ActiveCfg = Debug|Win32
		{75AE9A84-2246-4868-8620-06DBC39486BB}.Debug|x86.Build.0 = Debug|Win32
		{75AE9A84-2246-4868-8620-06DBC39486BB}.Release|x64.ActiveCfg = Release|x64
		{75AE9A84-2246-4868-8620-06DBC39486BB}.Release|x64.Build.0 = Release|x64
		{75AE9A84-2246-4868-8620-06DBC39486BB}.Release|x86.ActiveCfg = Release|Win32
		{75AE9A84-2246-4868-8620-06DBC39486BB}.Release|x86.Build.0 = Release|Win32
		{B500F347-6D3C-411D-856F-3AC4F8EFAE26}.Debug|x64.ActiveCfg = Debug|x64
		{B500F347-6D3C-411D-856F-3AC4F8EFAE26}.Debug|x64.Build.0 = Debug|x64
		{B500F347-6D3C-411D-856F-3AC4F8EFAE26}.Debug|x86.ActiveCfg = Debug|Win32
		{B500F347-6D3C-411D-856F-3AC4F8EFAE26}.Debug|x86.Build.0 = Debug|Win32
		{B500F347-6D3C-411D-856F-3AC4F8EFAE26}.Release|x64.ActiveCfg = Release|x64
		{B500F347-6D3C-411D-856F-3AC4F8EFAE26}.Release|x64.Build.0 = Release|x64
		{B500F347-6D3C-411D-856F-3AC4F8EFAE26}.Release|x86.ActiveCfg = Release|Win32
		{B500F347-6D3C-411D-856F-3AC4F8EFAE26}.Release|x86.Build.0 = Release|Win32
		{45E38130-8E14-498F-A953-C92B18E84470}.Debug|x64.ActiveCfg = Debug|x64
		{45E38130-8E14-498F-A953-C92B18E84470}.Debug|x64.Build.0 = Debug|x64
		{45E38130-8E14-498F-A953-C92B18E84470}.Debug|x86.ActiveCfg = Debug|Win32
		{45E38130-8E14-498F-A953-C92B18E84470}.Debug|x86.Build.0 = Debug|Win32
		{45E38130-8E14-498F-A953-C92B18E84470}.Release|x64.ActiveCfg = Release|x64
		{45E38130-8E14-498F-A953-C92B18E84470}.Release|x64.Build.0 = Release|x64
		{45E38130-8E14-498F-A953-C92B18E84470}.Release|x86.ActiveCfg = Release|Win32
		{45E38130-8E14-498F-A953-C92B18E84470}.Release|x86.Build.0 = Release|Win32
		{24E54FAE-05EF-4900-85E0-CA0354581713}.Debug|x64.ActiveCfg = Debug|x64
		{24E54FAE-05EF-4900-85E0-CA0354581713}.Debug|x64.Build.0 = Debug|x64
		{24E54FAE-05EF-4900-85E0-CA0354581713}.Debug|x86.ActiveCfg = Debug|Win32
		{24E54FAE-05EF-4900-85E0-CA0354581713}.Debug|x86.Build.0 = Debug|Win32
		{24E54FAE-05EF-4900-85E0-CA0354581713}.Release|x64.ActiveCfg = Release|x64
		{24E54FAE-05EF-4900-85E0-CA0354581713}.Release|x64.Build.0 = Release|x64
		{24E54FAE-05EF-4900-85E0-CA0354581713}.Release|x86.ActiveCfg = Release|Win32
		{24E54FAE-05EF-4900-85E0-CA0354581713}.Release|x86.Build.0 = Release|Win32
		{5A84A0FE-FC3F-4B92-8D48-549AC44B4BC1}.Debug|x64.ActiveCfg = Debug|x64
		{5A84A0FE-FC3F-4B92-8D48-549AC44B4BC1}.Debug|x64.Build.0 = Debug|x64
		{5A84A0FE-FC3F-4B92-8D48-549AC44B4BC1}.Debug|x86.ActiveCfg = Debug|Win32
		{5A84A0FE-FC3F-4B92-8D48-549AC44B4BC1}.Debug|x86.Build.0 = Debug|Win32
		{5A84A0FE-FC3F-4B92-8D48-549AC44B4BC1}.Release|x64.ActiveCfg = Release|x64
		{5A84A0FE-FC3F-4B92-8D48-549AC44B4BC1}.Release|x64.Build.0 = Release|x64
		{5A84A0FE-FC3F-4B92-8D48-549AC44B4BC1}.Release|x86.ActiveCfg = Release|Win32
		{5A84A0FE-FC3F-4B92-8D48-549AC44B4BC1}.Release|x86.Build.0 = Release|Win32
		{BBB80370-CD5A-4734-9614-33D2D581C1E1}.Debug|x64.ActiveCfg = Debug|x64
		{BBB80370-CD5A-4734-9614-33D2D581C1E1}.Debug|x64.Build.0 = Debug|x64
		{BBB80370-CD5A-4734-9614-33D2D581C1E1}.Debug|x86.ActiveCfg = Debug|Win32
		{BBB80370-CD5A-4734-9614-33D2D581C1E1}.Debug|x86.Build.0 = Debug|Win32
		{BBB80370-CD5A-4734-9614-33D2D581C1E1}.Release|x64.ActiveCfg = Release|x64
		{BBB80370-CD5A-4734-9614-33D2D581C1E1}.Release|x64.Build.0 = Release|x64
		{BBB80370-CD5A-4734-9614-33D2D581C1E1}.Release|x86.ActiveCfg = Release|Win32
		{BBB80370-CD5A-4734-9614-33D2D581C1E1}.Release|x86.Build.0 = Release|Win32
		{58D87640-AA48-4BB1-B98D-D9093E0931FF}.Debug|x64.ActiveCfg = Debug|x64
		{58D87640-AA48-4BB1-B98D-D9093E0931FF}.Debug|x64.Build.0 = Debug|x64
		{58D87640-AA48-4BB1-B98D-D9093E0931FF}.Debug|x86.ActiveCfg = Debug|Win32
		{58D87640-AA48-4BB1-B98D-D9093E0931FF}.Debug|x86.Build.0 = Debug|Win32
		{58D87640-AA48-4BB1-B98D-D9093E0931FF}.Release|x64.ActiveCfg = Release|x64
		{58D87640-AA48-4BB1-B98D-D9093E0931FF}.Release|x64.Build.0 = Release|x64
		{58D87640-AA48-4BB1-B98D-D9093E0931FF}.Release|x86.ActiveCfg = Release|Win32
		{58D87640-AA48-4BB1-B98D-D9093E0931FF}.Release|x86.Build.0 = Release|Win32
		{CC51E063-0D89-42DF-812D-A97959718E37}.Debug|x64.ActiveCfg = Debug|x64
		{CC51E063-0D89-42DF-812D-A97959718E37}.Debug|x64.Build.0 = Debug|x64
		{CC51E063-0D89-42DF-812D-A97959718E37}.Debug|x86.ActiveCfg = Debug|Win32
		{CC51E063-0D89-42DF-812D-A97959718E37}.Debug|x86.Build.0 = Debug|Win32
		{CC51E063-0D89-42DF-812D-A97959718E37}.Release|x64.ActiveCfg = Release|x64
		{CC51E063-0D89-42DF-812D-A97959718E37}.Release|x64.Build.0 = Release|x64
		{CC51E063-0D89-42DF-812D-A97959718E37}.Release|x86.ActiveCfg = Release|Win32
		{CC51E063-0D89-42DF-812D-A97959718E37}.Release|x86.Build.0 = Release|Win32
		{6283DD41-AF5D-427C-A78D-6F4EDC0901EF}.Debug|x64.ActiveCfg = Debug|x64
		{6283DD41-AF5D-427C-A78D-6F4EDC0901EF}.Debug|x64.Build.0 = Debug|x64
		{6283DD41-AF5D-427C-A78D-6F4EDC0901EF}.Debug|x86.ActiveCfg = Debug|Win32
		{6283DD41-AF5D-427C-A78D-6F4EDC0901EF}.Debug|x86.Build.0 = Debug|Win32
		{6283DD41-AF5D-427C-A78D-6F4EDC0901EF}.Release|x64.ActiveCfg = Release|x64
		{6283DD41-AF5D-427C-A78D-6F4EDC0901EF}.Release|x64.Build.0 = Release|x64
		{6283DD41-AF5D-427C-A78D-6F4EDC0901EF}.Release|x86.ActiveCfg = Release|Win32
		{6283DD41-AF5D-427C-A78D-6F4EDC0901EF}.Release|x86.Build.0 = Release|Win32
		{477D456A-3263-45D8-ACD5-FEACA44717DE}.Debug|x64.ActiveCfg = Debug|x64
		{477D456A-3263-45D8-ACD5-FEACA44717DE}.Debug|x64.Build.0 = Debug|x64
		{477D456A-3263-45D8-ACD5-FEACA44717DE}.Debug|x86.ActiveCfg = Debug|Win32
		{477D456A-3263-45D8-ACD5-FEACA44717DE}.Debug|x86.Build.0 = Debug|Win32
		{477D456A-3263-45D8-ACD5-FEACA44717DE}.Release|x64.ActiveCfg = Release|x64
		{477D456A-3263-45D8-ACD5-FEACA44717DE}.Release|x64.Build.0 = Release|x64
		{477D456A-3263-45D8-ACD5-FEACA44717DE}.Release|x86.ActiveCfg = Release|Win32
		{477D456A-3263-45D8-ACD5-FEACA44717DE}.Release|x86.Build.0 = Release|Win32
		{F10DA47D-FB51-4524-A003-18BD7D0FA59B}.Debug|x64.ActiveCfg = Debug|x64
		{F10DA47D-FB51-4524-A003-18BD7D0FA59B}.Debug|x64.Build.0 = Debug|x64
		{F10DA47D-FB51-4524-A003-18BD7D0FA59B}.Debug|x86.ActiveCfg = Debug|Win32
		{F10DA47D-FB51-4524-A003-18BD7D0FA59B}.Debug|x86.Build.0 = Debug|Win32
		{F10DA47D-FB51-4524-A003-18BD7D0FA59B}.Release|x64.ActiveCfg = Release|x64
		{F10DA47D-FB51-4524-A003-18BD7D0FA59B}.Release|x64.Build.0 = Release|x64
		{F10DA47D-FB51-4524-A003-18BD7D0FA59B}.Release|x86.ActiveCfg = Release|Win32
		{F10DA47D-FB51-4524-A003-18BD7D0FA59B}.Release|x86.Build.0 = Release|Win32
		{174F2DD6-8023-45D9-A488-C37815525C07}.Debug|x64.ActiveCfg = Debug|x64
		{174F2DD6-8023-45D9-A488-C37815525C07}.Debug|x64.Build.0 = Debug|x64
		{174F2DD6-8023-45D9-A488-C37815525C07}.Debug|x86.ActiveCfg = Debug|Win32
		{174F2DD6-8023-45D9-A488-C37815525C07}.Debug|x86.Build.0 = Debug|Win32
		{174F2DD6-8023-45D9-A488-C37815525C07}.Release|x64.ActiveCfg = Release|x64
		{174F2DD6-8023-45D9-A488-C37815525C07}.Release|x64.Build.0 = Release|x64
		{174F2DD6-8023-45D9-A488-C37815525C07}.Release|x86.ActiveCfg = Release|Win32
		{174F2DD6-8023-45D9-A488-C37815525C07}.Release|x86.Build.0 = Release|Win32
		{6AA22980-D2CD-4DF3-81DA-02AECFF7C632}.Debug|x64.ActiveCfg = Debug|x64
		{6AA22980-D2CD-4DF3-81DA-02AECFF7C632}.Debug|x64.Build.0 = Debug|x64
		{6AA22980-D2CD-4DF3-81DA-02AECFF7C632}.Debug|x86.ActiveCfg = Debug|Win32
		{6AA22980-D2CD-4DF3-81DA-02AECFF7C632}.Debug|x86.Build.0 = Debug|Win32
		{6AA22980-D2CD-4DF3-81DA-02AECFF7C632}.Release|x64.ActiveCfg = Release|x64
		{6AA22980-D2CD-4DF3-81DA-02AECFF7C632}.Release|x64.Build.0 = Release|x64
		{6AA22980-D2CD-4DF3-81DA-02AECFF7C632}.Release|x86.ActiveCfg = Release|Win32
		{6AA22980-D2CD-4DF3-81DA-02AECFF7C632}.Release|x86.Build.0 = Release|Win32
		{C6168759-C20D-4147-AEBA-66BB41ABF15E}.Debug|x64.ActiveCfg = Debug|x64
		{C6168759-C20D-4147-AEBA-66BB41ABF15E}.Debug|x64.Build.0 = Debug|x64
		{C6168759-C20D-4147-AEBA-66BB41ABF15E}.Debug|x86.ActiveCfg = Debug|Win32
		{C6168759-C20D-4147-AEBA-66BB41ABF15E}.Debug|x86.Build.0 = Debug|Win32
		{C6168759-C20D-4147-AEBA-66BB41ABF15E}.Release|x64.ActiveCfg = Release|x64
		{C6168759-C20D-4147-AEBA-66BB41ABF15E}.Release|x64.Build.0 = Release|x64
		{C6168759-C20D-4147-AEBA-66BB41ABF15E}.Release|x86.ActiveCfg = Release|Win32
		{C6168759-C20D-4147-AEBA-66BB41ABF15E}.Release|x86.Build.0 = Release|Win32
		{51E2C677-93B4-4EFF-B2BD-B47AEFC23258}.Debug|x64.ActiveCfg = Debug|x64
		{51E2C677-93B4-4EFF-B2BD-B47AEFC23258}.Debug|x64.Build.0 = Debug|x64
		{51E2C677-93B4-4EFF-B2BD-B47AEFC23258}.Debug|x86.ActiveCfg = Debug|Win32
		{51E2C677-93B4-4EFF-B2BD-B47AEFC23258}.Debug|x86.Build.0 = Debug|Win32
		{51E2C677-93B4-4EFF-B2BD-B47AEFC23258}.Release|x64.ActiveCfg = Release|x64
		{51E2C677-93B4-4EFF-B2BD-B47AEFC23258}.Release|x64.Build.0 = Release|x64
		{51E2C677-93B4-4EFF-B2BD-B47AEFC23258}.Release|x86.ActiveCfg = Release|Win32
		{51E2C677-93B4-4EFF-B2BD-B47AEFC23258}.Release|x86.Build.0 = Release|Win32
	EndGlobalSection
	GlobalSection(SolutionProperties) = preSolution
		HideSolutionNode = FALSE
	EndGlobalSection
	GlobalSection(ExtensibilityGlobals) = postSolution
		SolutionGuid = {C60368F0-B51B-4869-920A-F7A9870E7175}
	EndGlobalSection
EndGlobal
